
Microsoft Visual Studio Solution File, Format Version 12.00
# Visual Studio Version 17
VisualStudioVersion = 17.3.32819.101
MinimumVisualStudioVersion = 10.0.40219.1
Project("{FAE04EC0-301F-11D3-BF4B-00C04F79EFBC}") = "Vistas", "Vistas\Vistas.csproj", "{5D3D6F4A-8532-4F09-8303-C33494FF97D9}"
EndProject
Project("{FAE04EC0-301F-11D3-BF4B-00C04F79EFBC}") = "Controladores", "Controladores\Controladores.csproj", "{57F56185-BC5A-42A6-A372-3A37F535F1A4}"
EndProject
Project("{FAE04EC0-301F-11D3-BF4B-00C04F79EFBC}") = "Clases", "Clases\Clases.csproj", "{49AC39C7-7C19-41A0-8418-D9B3788F12F4}"
EndProject
Global
	GlobalSection(SolutionConfigurationPlatforms) = preSolution
		Debug|Any CPU = Debug|Any CPU
		Release|Any CPU = Release|Any CPU
	EndGlobalSection
	GlobalSection(ProjectConfigurationPlatforms) = postSolution
		{5D3D6F4A-8532-4F09-8303-C33494FF97D9}.Debug|Any CPU.ActiveCfg = Debug|Any CPU
		{5D3D6F4A-8532-4F09-8303-C33494FF97D9}.Debug|Any CPU.Build.0 = Debug|Any CPU
		{5D3D6F4A-8532-4F09-8303-C33494FF97D9}.Release|Any CPU.ActiveCfg = Release|Any CPU
		{5D3D6F4A-8532-4F09-8303-C33494FF97D9}.Release|Any CPU.Build.0 = Release|Any CPU
		{57F56185-BC5A-42A6-A372-3A37F535F1A4}.Debug|Any CPU.ActiveCfg = Debug|Any CPU
		{57F56185-BC5A-42A6-A372-3A37F535F1A4}.Debug|Any CPU.Build.0 = Debug|Any CPU
		{57F56185-BC5A-42A6-A372-3A37F535F1A4}.Release|Any CPU.ActiveCfg = Release|Any CPU
		{57F56185-BC5A-42A6-A372-3A37F535F1A4}.Release|Any CPU.Build.0 = Release|Any CPU
		{49AC39C7-7C19-41A0-8418-D9B3788F12F4}.Debug|Any CPU.ActiveCfg = Debug|Any CPU
		{49AC39C7-7C19-41A0-8418-D9B3788F12F4}.Debug|Any CPU.Build.0 = Debug|Any CPU
		{49AC39C7-7C19-41A0-8418-D9B3788F12F4}.Release|Any CPU.ActiveCfg = Release|Any CPU
		{49AC39C7-7C19-41A0-8418-D9B3788F12F4}.Release|Any CPU.Build.0 = Release|Any CPU
	EndGlobalSection
	GlobalSection(SolutionProperties) = preSolution
		HideSolutionNode = FALSE
	EndGlobalSection
	GlobalSection(ExtensibilityGlobals) = postSolution
		SolutionGuid = {590F2504-7C40-4AFC-BF45-E15630056294}
	EndGlobalSection
EndGlobal
